
Microsoft Visual Studio Solution File, Format Version 12.00
# Visual Studio Version 16
VisualStudioVersion = 16.0.30611.23
MinimumVisualStudioVersion = 10.0.40219.1
Project("{8BC9CEB8-8B4A-11D0-8D11-00A0C91BC942}") = "Arkanoid", "Arkanoid.vcxproj", "{37554727-7B7F-4745-814B-5E8D2DD66268}"
EndProject
Global
	GlobalSection(SolutionConfigurationPlatforms) = preSolution
		Debug|x64 = Debug|x64
		Debug|x86 = Debug|x86
		Release|x64 = Release|x64
		Release|x86 = Release|x86
	EndGlobalSection
	GlobalSection(ProjectConfigurationPlatforms) = postSolution
		{37554727-7B7F-4745-814B-5E8D2DD66268}.Debug|x64.ActiveCfg = Debug|x64
		{37554727-7B7F-4745-814B-5E8D2DD66268}.Debug|x64.Build.0 = Debug|x64
		{37554727-7B7F-4745-814B-5E8D2DD66268}.Debug|x86.ActiveCfg = Debug|Win32
		{37554727-7B7F-4745-814B-5E8D2DD66268}.Debug|x86.Build.0 = Debug|Win32
		{37554727-7B7F-4745-814B-5E8D2DD66268}.Release|x64.ActiveCfg = Release|x64
		{37554727-7B7F-4745-814B-5E8D2DD66268}.Release|x64.Build.0 = Release|x64
		{37554727-7B7F-4745-814B-5E8D2DD66268}.Release|x86.ActiveCfg = Release|Win32
		{37554727-7B7F-4745-814B-5E8D2DD66268}.Release|x86.Build.0 = Release|Win32
	EndGlobalSection
	GlobalSection(SolutionProperties) = preSolution
		HideSolutionNode = FALSE
	EndGlobalSection
	GlobalSection(ExtensibilityGlobals) = postSolution
		SolutionGuid = {69F27B69-8CA3-4AC8-A81F-B910085E08AE}
	EndGlobalSection
EndGlobal
